
Microsoft Visual Studio Solution File, Format Version 12.00
# Visual Studio Version 17
VisualStudioVersion = 17.5.33530.505
MinimumVisualStudioVersion = 10.0.40219.1
Project("{8BC9CEB8-8B4A-11D0-8D11-00A0C91BC942}") = "CamControl", "CamControl.vcxproj", "{AA876384-D571-42E8-8AC8-930B01862DFC}"
EndProject
Project("{2150E333-8FDC-42A3-9474-1A3956D46DE8}") = "Solution Items", "Solution Items", "{C3A7A2F5-874B-4055-A1FF-E308E9A111DB}"
EndProject
Global
	GlobalSection(SolutionConfigurationPlatforms) = preSolution
		Debug|x64 = Debug|x64
		Debug|x86 = Debug|x86
		Release|x64 = Release|x64
		Release|x86 = Release|x86
	EndGlobalSection
	GlobalSection(ProjectConfigurationPlatforms) = postSolution
		{AA876384-D571-42E8-8AC8-930B01862DFC}.Debug|x64.ActiveCfg = Debug|x64
		{AA876384-D571-42E8-8AC8-930B01862DFC}.Debug|x64.Build.0 = Debug|x64
		{AA876384-D571-42E8-8AC8-930B01862DFC}.Debug|x86.ActiveCfg = Debug|Win32
		{AA876384-D571-42E8-8AC8-930B01862DFC}.Debug|x86.Build.0 = Debug|Win32
		{AA876384-D571-42E8-8AC8-930B01862DFC}.Release|x64.ActiveCfg = Release|x64
		{AA876384-D571-42E8-8AC8-930B01862DFC}.Release|x64.Build.0 = Release|x64
		{AA876384-D571-42E8-8AC8-930B01862DFC}.Release|x86.ActiveCfg = Release|Win32
		{AA876384-D571-42E8-8AC8-930B01862DFC}.Release|x86.Build.0 = Release|Win32
	EndGlobalSection
	GlobalSection(SolutionProperties) = preSolution
		HideSolutionNode = FALSE
	EndGlobalSection
	GlobalSection(ExtensibilityGlobals) = postSolution
		SolutionGuid = {87B017F6-8E6E-41B5-B5CF-71B6A057F849}
	EndGlobalSection
EndGlobal
